
Microsoft Visual Studio Solution File, Format Version 12.00
# Visual Studio 15
VisualStudioVersion = 15.0.28010.2041
MinimumVisualStudioVersion = 10.0.40219.1
Project("{FAE04EC0-301F-11D3-BF4B-00C04F79EFBC}") = "WebApiRest", "WebApiRest\WebApiRest.csproj", "{374373EF-58C2-4164-8AF8-71F4862FC9E2}"
EndProject
Global
	GlobalSection(SolutionConfigurationPlatforms) = preSolution
		Debug|Any CPU = Debug|Any CPU
		Release|Any CPU = Release|Any CPU
	EndGlobalSection
	GlobalSection(ProjectConfigurationPlatforms) = postSolution
		{374373EF-58C2-4164-8AF8-71F4862FC9E2}.Debug|Any CPU.ActiveCfg = Debug|Any CPU
		{374373EF-58C2-4164-8AF8-71F4862FC9E2}.Debug|Any CPU.Build.0 = Debug|Any CPU
		{374373EF-58C2-4164-8AF8-71F4862FC9E2}.Release|Any CPU.ActiveCfg = Release|Any CPU
		{374373EF-58C2-4164-8AF8-71F4862FC9E2}.Release|Any CPU.Build.0 = Release|Any CPU
	EndGlobalSection
	GlobalSection(SolutionProperties) = preSolution
		HideSolutionNode = FALSE
	EndGlobalSection
	GlobalSection(ExtensibilityGlobals) = postSolution
		SolutionGuid = {110E647A-8A9F-452C-9561-76182320B5C6}
	EndGlobalSection
EndGlobal
